
Microsoft Visual Studio Solution File, Format Version 12.00
# Visual Studio Version 17
VisualStudioVersion = 17.0.31903.59
MinimumVisualStudioVersion = 10.0.40219.1
Project("{2150E333-8FDC-42A3-9474-1A3956D46DE8}") = "src", "src", "{827E0CD3-B72D-47B6-A68D-7590B98EB39B}"
EndProject
Project("{FAE04EC0-301F-11D3-BF4B-00C04F79EFBC}") = "QAOrchestrator.Cli", "src\QAOrchestrator.Cli\QAOrchestrator.Cli.csproj", "{5F11A5BD-A093-4FE8-A7AF-64B1C3E79E22}"
EndProject
Project("{FAE04EC0-301F-11D3-BF4B-00C04F79EFBC}") = "QAOrchestrator.Application", "src\QAOrchestrator.Application\QAOrchestrator.Application.csproj", "{D8D701E4-7980-4E5E-B743-49808194353D}"
EndProject
Project("{FAE04EC0-301F-11D3-BF4B-00C04F79EFBC}") = "QAOrchestrator.Domain", "src\QAOrchestrator.Domain\QAOrchestrator.Domain.csproj", "{31951B2B-184F-4058-976C-203B31BCC023}"
EndProject
Project("{FAE04EC0-301F-11D3-BF4B-00C04F79EFBC}") = "QAOrchestrator.Infrastructure", "src\QAOrchestrator.Infrastructure\QAOrchestrator.Infrastructure.csproj", "{B79BE518-D552-4B27-9257-66EFA22C88F7}"
EndProject
Project("{FAE04EC0-301F-11D3-BF4B-00C04F79EFBC}") = "QAOrchestrator.DotNet", "src\QAOrchestrator.DotNet\QAOrchestrator.DotNet.csproj", "{0B772392-B503-492C-AF73-2C9B85736E49}"
EndProject
Project("{FAE04EC0-301F-11D3-BF4B-00C04F79EFBC}") = "QAOrchestrator.Roslyn", "src\QAOrchestrator.Roslyn\QAOrchestrator.Roslyn.csproj", "{E25B356E-3557-4F32-BB10-92D28AC7D96B}"
EndProject
Project("{FAE04EC0-301F-11D3-BF4B-00C04F79EFBC}") = "QAOrchestrator.Coverage", "src\QAOrchestrator.Coverage\QAOrchestrator.Coverage.csproj", "{D9214700-5AC9-4C29-AD05-AC6E0D5E4E6C}"
EndProject
Project("{FAE04EC0-301F-11D3-BF4B-00C04F79EFBC}") = "QAOrchestrator.Generation", "src\QAOrchestrator.Generation\QAOrchestrator.Generation.csproj", "{3FD29D14-2B28-4781-8DC8-82C385C07E14}"
EndProject
Project("{FAE04EC0-301F-11D3-BF4B-00C04F79EFBC}") = "QAOrchestrator.Mutation", "src\QAOrchestrator.Mutation\QAOrchestrator.Mutation.csproj", "{06FC324F-7CDB-4BC2-A971-0F5DA9E0384C}"
EndProject
Project("{FAE04EC0-301F-11D3-BF4B-00C04F79EFBC}") = "QAOrchestrator.Reporting", "src\QAOrchestrator.Reporting\QAOrchestrator.Reporting.csproj", "{81505280-AB4B-4204-98FC-F26E6C7DD2DC}"
EndProject
Project("{2150E333-8FDC-42A3-9474-1A3956D46DE8}") = "tests", "tests", "{0AB3BF05-4346-4AA6-1389-037BE0695223}"
EndProject
Project("{FAE04EC0-301F-11D3-BF4B-00C04F79EFBC}") = "QAOrchestrator.UnitTests", "tests\QAOrchestrator.UnitTests\QAOrchestrator.UnitTests.csproj", "{37039A1F-4B7E-4733-A377-A66C9C2E7E85}"
EndProject
Project("{FAE04EC0-301F-11D3-BF4B-00C04F79EFBC}") = "QAOrchestrator.IntegrationTests", "tests\QAOrchestrator.IntegrationTests\QAOrchestrator.IntegrationTests.csproj", "{C1A841C8-3395-400C-B197-337C67441579}"
EndProject
Project("{2150E333-8FDC-42A3-9474-1A3956D46DE8}") = "samples", "samples", "{5D20AA90-6969-D8BD-9DCD-8634F4692FDA}"
EndProject
Project("{FAE04EC0-301F-11D3-BF4B-00C04F79EFBC}") = "VerticalSliceCqrsSample", "samples\VerticalSliceCqrsSample\VerticalSliceCqrsSample.csproj", "{3220B1A7-864D-4769-921B-9AA2D95A7609}"
EndProject
Project("{FAE04EC0-301F-11D3-BF4B-00C04F79EFBC}") = "SimpleApiSample", "samples\SimpleApiSample\SimpleApiSample.csproj", "{90E13F44-01A2-4B27-8643-11FCA0911C37}"
EndProject
Global
	GlobalSection(SolutionConfigurationPlatforms) = preSolution
		Debug|Any CPU = Debug|Any CPU
		Debug|x64 = Debug|x64
		Debug|x86 = Debug|x86
		Release|Any CPU = Release|Any CPU
		Release|x64 = Release|x64
		Release|x86 = Release|x86
	EndGlobalSection
	GlobalSection(ProjectConfigurationPlatforms) = postSolution
		{5F11A5BD-A093-4FE8-A7AF-64B1C3E79E22}.Debug|Any CPU.ActiveCfg = Debug|Any CPU
		{5F11A5BD-A093-4FE8-A7AF-64B1C3E79E22}.Debug|Any CPU.Build.0 = Debug|Any CPU
		{5F11A5BD-A093-4FE8-A7AF-64B1C3E79E22}.Debug|x64.ActiveCfg = Debug|Any CPU
		{5F11A5BD-A093-4FE8-A7AF-64B1C3E79E22}.Debug|x64.Build.0 = Debug|Any CPU
		{5F11A5BD-A093-4FE8-A7AF-64B1C3E79E22}.Debug|x86.ActiveCfg = Debug|Any CPU
		{5F11A5BD-A093-4FE8-A7AF-64B1C3E79E22}.Debug|x86.Build.0 = Debug|Any CPU
		{5F11A5BD-A093-4FE8-A7AF-64B1C3E79E22}.Release|Any CPU.ActiveCfg = Release|Any CPU
		{5F11A5BD-A093-4FE8-A7AF-64B1C3E79E22}.Release|Any CPU.Build.0 = Release|Any CPU
		{5F11A5BD-A093-4FE8-A7AF-64B1C3E79E22}.Release|x64.ActiveCfg = Release|Any CPU
		{5F11A5BD-A093-4FE8-A7AF-64B1C3E79E22}.Release|x64.Build.0 = Release|Any CPU
		{5F11A5BD-A093-4FE8-A7AF-64B1C3E79E22}.Release|x86.ActiveCfg = Release|Any CPU
		{5F11A5BD-A093-4FE8-A7AF-64B1C3E79E22}.Release|x86.Build.0 = Release|Any CPU
		{D8D701E4-7980-4E5E-B743-49808194353D}.Debug|Any CPU.ActiveCfg = Debug|Any CPU
		{D8D701E4-7980-4E5E-B743-49808194353D}.Debug|Any CPU.Build.0 = Debug|Any CPU
		{D8D701E4-7980-4E5E-B743-49808194353D}.Debug|x64.ActiveCfg = Debug|Any CPU
		{D8D701E4-7980-4E5E-B743-49808194353D}.Debug|x64.Build.0 = Debug|Any CPU
		{D8D701E4-7980-4E5E-B743-49808194353D}.Debug|x86.ActiveCfg = Debug|Any CPU
		{D8D701E4-7980-4E5E-B743-49808194353D}.Debug|x86.Build.0 = Debug|Any CPU
		{D8D701E4-7980-4E5E-B743-49808194353D}.Release|Any CPU.ActiveCfg = Release|Any CPU
		{D8D701E4-7980-4E5E-B743-49808194353D}.Release|Any CPU.Build.0 = Release|Any CPU
		{D8D701E4-7980-4E5E-B743-49808194353D}.Release|x64.ActiveCfg = Release|Any CPU
		{D8D701E4-7980-4E5E-B743-49808194353D}.Release|x64.Build.0 = Release|Any CPU
		{D8D701E4-7980-4E5E-B743-49808194353D}.Release|x86.ActiveCfg = Release|Any CPU
		{D8D701E4-7980-4E5E-B743-49808194353D}.Release|x86.Build.0 = Release|Any CPU
		{31951B2B-184F-4058-976C-203B31BCC023}.Debug|Any CPU.ActiveCfg = Debug|Any CPU
		{31951B2B-184F-4058-976C-203B31BCC023}.Debug|Any CPU.Build.0 = Debug|Any CPU
		{31951B2B-184F-4058-976C-203B31BCC023}.Debug|x64.ActiveCfg = Debug|Any CPU
		{31951B2B-184F-4058-976C-203B31BCC023}.Debug|x64.Build.0 = Debug|Any CPU
		{31951B2B-184F-4058-976C-203B31BCC023}.Debug|x86.ActiveCfg = Debug|Any CPU
		{31951B2B-184F-4058-976C-203B31BCC023}.Debug|x86.Build.0 = Debug|Any CPU
		{31951B2B-184F-4058-976C-203B31BCC023}.Release|Any CPU.ActiveCfg = Release|Any CPU
		{31951B2B-184F-4058-976C-203B31BCC023}.Release|Any CPU.Build.0 = Release|Any CPU
		{31951B2B-184F-4058-976C-203B31BCC023}.Release|x64.ActiveCfg = Release|Any CPU
		{31951B2B-184F-4058-976C-203B31BCC023}.Release|x64.Build.0 = Release|Any CPU
		{31951B2B-184F-4058-976C-203B31BCC023}.Release|x86.ActiveCfg = Release|Any CPU
		{31951B2B-184F-4058-976C-203B31BCC023}.Release|x86.Build.0 = Release|Any CPU
		{B79BE518-D552-4B27-9257-66EFA22C88F7}.Debug|Any CPU.ActiveCfg = Debug|Any CPU
		{B79BE518-D552-4B27-9257-66EFA22C88F7}.Debug|Any CPU.Build.0 = Debug|Any CPU
		{B79BE518-D552-4B27-9257-66EFA22C88F7}.Debug|x64.ActiveCfg = Debug|Any CPU
		{B79BE518-D552-4B27-9257-66EFA22C88F7}.Debug|x64.Build.0 = Debug|Any CPU
		{B79BE518-D552-4B27-9257-66EFA22C88F7}.Debug|x86.ActiveCfg = Debug|Any CPU
		{B79BE518-D552-4B27-9257-66EFA22C88F7}.Debug|x86.Build.0 = Debug|Any CPU
		{B79BE518-D552-4B27-9257-66EFA22C88F7}.Release|Any CPU.ActiveCfg = Release|Any CPU
		{B79BE518-D552-4B27-9257-66EFA22C88F7}.Release|Any CPU.Build.0 = Release|Any CPU
		{B79BE518-D552-4B27-9257-66EFA22C88F7}.Release|x64.ActiveCfg = Release|Any CPU
		{B79BE518-D552-4B27-9257-66EFA22C88F7}.Release|x64.Build.0 = Release|Any CPU
		{B79BE518-D552-4B27-9257-66EFA22C88F7}.Release|x86.ActiveCfg = Release|Any CPU
		{B79BE518-D552-4B27-9257-66EFA22C88F7}.Release|x86.Build.0 = Release|Any CPU
		{0B772392-B503-492C-AF73-2C9B85736E49}.Debug|Any CPU.ActiveCfg = Debug|Any CPU
		{0B772392-B503-492C-AF73-2C9B85736E49}.Debug|Any CPU.Build.0 = Debug|Any CPU
		{0B772392-B503-492C-AF73-2C9B85736E49}.Debug|x64.ActiveCfg = Debug|Any CPU
		{0B772392-B503-492C-AF73-2C9B85736E49}.Debug|x64.Build.0 = Debug|Any CPU
		{0B772392-B503-492C-AF73-2C9B85736E49}.Debug|x86.ActiveCfg = Debug|Any CPU
		{0B772392-B503-492C-AF73-2C9B85736E49}.Debug|x86.Build.0 = Debug|Any CPU
		{0B772392-B503-492C-AF73-2C9B85736E49}.Release|Any CPU.ActiveCfg = Release|Any CPU
		{0B772392-B503-492C-AF73-2C9B85736E49}.Release|Any CPU.Build.0 = Release|Any CPU
		{0B772392-B503-492C-AF73-2C9B85736E49}.Release|x64.ActiveCfg = Release|Any CPU
		{0B772392-B503-492C-AF73-2C9B85736E49}.Release|x64.Build.0 = Release|Any CPU
		{0B772392-B503-492C-AF73-2C9B85736E49}.Release|x86.ActiveCfg = Release|Any CPU
		{0B772392-B503-492C-AF73-2C9B85736E49}.Release|x86.Build.0 = Release|Any CPU
		{E25B356E-3557-4F32-BB10-92D28AC7D96B}.Debug|Any CPU.ActiveCfg = Debug|Any CPU
		{E25B356E-3557-4F32-BB10-92D28AC7D96B}.Debug|Any CPU.Build.0 = Debug|Any CPU
		{E25B356E-3557-4F32-BB10-92D28AC7D96B}.Debug|x64.ActiveCfg = Debug|Any CPU
		{E25B356E-3557-4F32-BB10-92D28AC7D96B}.Debug|x64.Build.0 = Debug|Any CPU
		{E25B356E-3557-4F32-BB10-92D28AC7D96B}.Debug|x86.ActiveCfg = Debug|Any CPU
		{E25B356E-3557-4F32-BB10-92D28AC7D96B}.Debug|x86.Build.0 = Debug|Any CPU
		{E25B356E-3557-4F32-BB10-92D28AC7D96B}.Release|Any CPU.ActiveCfg = Release|Any CPU
		{E25B356E-3557-4F32-BB10-92D28AC7D96B}.Release|Any CPU.Build.0 = Release|Any CPU
		{E25B356E-3557-4F32-BB10-92D28AC7D96B}.Release|x64.ActiveCfg = Release|Any CPU
		{E25B356E-3557-4F32-BB10-92D28AC7D96B}.Release|x64.Build.0 = Release|Any CPU
		{E25B356E-3557-4F32-BB10-92D28AC7D96B}.Release|x86.ActiveCfg = Release|Any CPU
		{E25B356E-3557-4F32-BB10-92D28AC7D96B}.Release|x86.Build.0 = Release|Any CPU
		{D9214700-5AC9-4C29-AD05-AC6E0D5E4E6C}.Debug|Any CPU.ActiveCfg = Debug|Any CPU
		{D9214700-5AC9-4C29-AD05-AC6E0D5E4E6C}.Debug|Any CPU.Build.0 = Debug|Any CPU
		{D9214700-5AC9-4C29-AD05-AC6E0D5E4E6C}.Debug|x64.ActiveCfg = Debug|Any CPU
		{D9214700-5AC9-4C29-AD05-AC6E0D5E4E6C}.Debug|x64.Build.0 = Debug|Any CPU
		{D9214700-5AC9-4C29-AD05-AC6E0D5E4E6C}.Debug|x86.ActiveCfg = Debug|Any CPU
		{D9214700-5AC9-4C29-AD05-AC6E0D5E4E6C}.Debug|x86.Build.0 = Debug|Any CPU
		{D9214700-5AC9-4C29-AD05-AC6E0D5E4E6C}.Release|Any CPU.ActiveCfg = Release|Any CPU
		{D9214700-5AC9-4C29-AD05-AC6E0D5E4E6C}.Release|Any CPU.Build.0 = Release|Any CPU
		{D9214700-5AC9-4C29-AD05-AC6E0D5E4E6C}.Release|x64.ActiveCfg = Release|Any CPU
		{D9214700-5AC9-4C29-AD05-AC6E0D5E4E6C}.Release|x64.Build.0 = Release|Any CPU
		{D9214700-5AC9-4C29-AD05-AC6E0D5E4E6C}.Release|x86.ActiveCfg = Release|Any CPU
		{D9214700-5AC9-4C29-AD05-AC6E0D5E4E6C}.Release|x86.Build.0 = Release|Any CPU
		{3FD29D14-2B28-4781-8DC8-82C385C07E14}.Debug|Any CPU.ActiveCfg = Debug|Any CPU
		{3FD29D14-2B28-4781-8DC8-82C385C07E14}.Debug|Any CPU.Build.0 = Debug|Any CPU
		{3FD29D14-2B28-4781-8DC8-82C385C07E14}.Debug|x64.ActiveCfg = Debug|Any CPU
		{3FD29D14-2B28-4781-8DC8-82C385C07E14}.Debug|x64.Build.0 = Debug|Any CPU
		{3FD29D14-2B28-4781-8DC8-82C385C07E14}.Debug|x86.ActiveCfg = Debug|Any CPU
		{3FD29D14-2B28-4781-8DC8-82C385C07E14}.Debug|x86.Build.0 = Debug|Any CPU
		{3FD29D14-2B28-4781-8DC8-82C385C07E14}.Release|Any CPU.ActiveCfg = Release|Any CPU
		{3FD29D14-2B28-4781-8DC8-82C385C07E14}.Release|Any CPU.Build.0 = Release|Any CPU
		{3FD29D14-2B28-4781-8DC8-82C385C07E14}.Release|x64.ActiveCfg = Release|Any CPU
		{3FD29D14-2B28-4781-8DC8-82C385C07E14}.Release|x64.Build.0 = Release|Any CPU
		{3FD29D14-2B28-4781-8DC8-82C385C07E14}.Release|x86.ActiveCfg = Release|Any CPU
		{3FD29D14-2B28-4781-8DC8-82C385C07E14}.Release|x86.Build.0 = Release|Any CPU
		{06FC324F-7CDB-4BC2-A971-0F5DA9E0384C}.Debug|Any CPU.ActiveCfg = Debug|Any CPU
		{06FC324F-7CDB-4BC2-A971-0F5DA9E0384C}.Debug|Any CPU.Build.0 = Debug|Any CPU
		{06FC324F-7CDB-4BC2-A971-0F5DA9E0384C}.Debug|x64.ActiveCfg = Debug|Any CPU
		{06FC324F-7CDB-4BC2-A971-0F5DA9E0384C}.Debug|x64.Build.0 = Debug|Any CPU
		{06FC324F-7CDB-4BC2-A971-0F5DA9E0384C}.Debug|x86.ActiveCfg = Debug|Any CPU
		{06FC324F-7CDB-4BC2-A971-0F5DA9E0384C}.Debug|x86.Build.0 = Debug|Any CPU
		{06FC324F-7CDB-4BC2-A971-0F5DA9E0384C}.Release|Any CPU.ActiveCfg = Release|Any CPU
		{06FC324F-7CDB-4BC2-A971-0F5DA9E0384C}.Release|Any CPU.Build.0 = Release|Any CPU
		{06FC324F-7CDB-4BC2-A971-0F5DA9E0384C}.Release|x64.ActiveCfg = Release|Any CPU
		{06FC324F-7CDB-4BC2-A971-0F5DA9E0384C}.Release|x64.Build.0 = Release|Any CPU
		{06FC324F-7CDB-4BC2-A971-0F5DA9E0384C}.Release|x86.ActiveCfg = Release|Any CPU
		{06FC324F-7CDB-4BC2-A971-0F5DA9E0384C}.Release|x86.Build.0 = Release|Any CPU
		{81505280-AB4B-4204-98FC-F26E6C7DD2DC}.Debug|Any CPU.ActiveCfg = Debug|Any CPU
		{81505280-AB4B-4204-98FC-F26E6C7DD2DC}.Debug|Any CPU.Build.0 = Debug|Any CPU
		{81505280-AB4B-4204-98FC-F26E6C7DD2DC}.Debug|x64.ActiveCfg = Debug|Any CPU
		{81505280-AB4B-4204-98FC-F26E6C7DD2DC}.Debug|x64.Build.0 = Debug|Any CPU
		{81505280-AB4B-4204-98FC-F26E6C7DD2DC}.Debug|x86.ActiveCfg = Debug|Any CPU
		{81505280-AB4B-4204-98FC-F26E6C7DD2DC}.Debug|x86.Build.0 = Debug|Any CPU
		{81505280-AB4B-4204-98FC-F26E6C7DD2DC}.Release|Any CPU.ActiveCfg = Release|Any CPU
		{81505280-AB4B-4204-98FC-F26E6C7DD2DC}.Release|Any CPU.Build.0 = Release|Any CPU
		{81505280-AB4B-4204-98FC-F26E6C7DD2DC}.Release|x64.ActiveCfg = Release|Any CPU
		{81505280-AB4B-4204-98FC-F26E6C7DD2DC}.Release|x64.Build.0 = Release|Any CPU
		{81505280-AB4B-4204-98FC-F26E6C7DD2DC}.Release|x86.ActiveCfg = Release|Any CPU
		{81505280-AB4B-4204-98FC-F26E6C7DD2DC}.Release|x86.Build.0 = Release|Any CPU
		{37039A1F-4B7E-4733-A377-A66C9C2E7E85}.Debug|Any CPU.ActiveCfg = Debug|Any CPU
		{37039A1F-4B7E-4733-A377-A66C9C2E7E85}.Debug|Any CPU.Build.0 = Debug|Any CPU
		{37039A1F-4B7E-4733-A377-A66C9C2E7E85}.Debug|x64.ActiveCfg = Debug|Any CPU
		{37039A1F-4B7E-4733-A377-A66C9C2E7E85}.Debug|x64.Build.0 = Debug|Any CPU
		{37039A1F-4B7E-4733-A377-A66C9C2E7E85}.Debug|x86.ActiveCfg = Debug|Any CPU
		{37039A1F-4B7E-4733-A377-A66C9C2E7E85}.Debug|x86.Build.0 = Debug|Any CPU
		{37039A1F-4B7E-4733-A377-A66C9C2E7E85}.Release|Any CPU.ActiveCfg = Release|Any CPU
		{37039A1F-4B7E-4733-A377-A66C9C2E7E85}.Release|Any CPU.Build.0 = Release|Any CPU
		{37039A1F-4B7E-4733-A377-A66C9C2E7E85}.Release|x64.ActiveCfg = Release|Any CPU
		{37039A1F-4B7E-4733-A377-A66C9C2E7E85}.Release|x64.Build.0 = Release|Any CPU
		{37039A1F-4B7E-4733-A377-A66C9C2E7E85}.Release|x86.ActiveCfg = Release|Any CPU
		{37039A1F-4B7E-4733-A377-A66C9C2E7E85}.Release|x86.Build.0 = Release|Any CPU
		{C1A841C8-3395-400C-B197-337C67441579}.Debug|Any CPU.ActiveCfg = Debug|Any CPU
		{C1A841C8-3395-400C-B197-337C67441579}.Debug|Any CPU.Build.0 = Debug|Any CPU
		{C1A841C8-3395-400C-B197-337C67441579}.Debug|x64.ActiveCfg = Debug|Any CPU
		{C1A841C8-3395-400C-B197-337C67441579}.Debug|x64.Build.0 = Debug|Any CPU
		{C1A841C8-3395-400C-B197-337C67441579}.Debug|x86.ActiveCfg = Debug|Any CPU
		{C1A841C8-3395-400C-B197-337C67441579}.Debug|x86.Build.0 = Debug|Any CPU
		{C1A841C8-3395-400C-B197-337C67441579}.Release|Any CPU.ActiveCfg = Release|Any CPU
		{C1A841C8-3395-400C-B197-337C67441579}.Release|Any CPU.Build.0 = Release|Any CPU
		{C1A841C8-3395-400C-B197-337C67441579}.Release|x64.ActiveCfg = Release|Any CPU
		{C1A841C8-3395-400C-B197-337C67441579}.Release|x64.Build.0 = Release|Any CPU
		{C1A841C8-3395-400C-B197-337C67441579}.Release|x86.ActiveCfg = Release|Any CPU
		{C1A841C8-3395-400C-B197-337C67441579}.Release|x86.Build.0 = Release|Any CPU
		{3220B1A7-864D-4769-921B-9AA2D95A7609}.Debug|Any CPU.ActiveCfg = Debug|Any CPU
		{3220B1A7-864D-4769-921B-9AA2D95A7609}.Debug|Any CPU.Build.0 = Debug|Any CPU
		{3220B1A7-864D-4769-921B-9AA2D95A7609}.Debug|x64.ActiveCfg = Debug|Any CPU
		{3220B1A7-864D-4769-921B-9AA2D95A7609}.Debug|x64.Build.0 = Debug|Any CPU
		{3220B1A7-864D-4769-921B-9AA2D95A7609}.Debug|x86.ActiveCfg = Debug|Any CPU
		{3220B1A7-864D-4769-921B-9AA2D95A7609}.Debug|x86.Build.0 = Debug|Any CPU
		{3220B1A7-864D-4769-921B-9AA2D95A7609}.Release|Any CPU.ActiveCfg = Release|Any CPU
		{3220B1A7-864D-4769-921B-9AA2D95A7609}.Release|Any CPU.Build.0 = Release|Any CPU
		{3220B1A7-864D-4769-921B-9AA2D95A7609}.Release|x64.ActiveCfg = Release|Any CPU
		{3220B1A7-864D-4769-921B-9AA2D95A7609}.Release|x64.Build.0 = Release|Any CPU
		{3220B1A7-864D-4769-921B-9AA2D95A7609}.Release|x86.ActiveCfg = Release|Any CPU
		{3220B1A7-864D-4769-921B-9AA2D95A7609}.Release|x86.Build.0 = Release|Any CPU
		{90E13F44-01A2-4B27-8643-11FCA0911C37}.Debug|Any CPU.ActiveCfg = Debug|Any CPU
		{90E13F44-01A2-4B27-8643-11FCA0911C37}.Debug|Any CPU.Build.0 = Debug|Any CPU
		{90E13F44-01A2-4B27-8643-11FCA0911C37}.Debug|x64.ActiveCfg = Debug|Any CPU
		{90E13F44-01A2-4B27-8643-11FCA0911C37}.Debug|x64.Build.0 = Debug|Any CPU
		{90E13F44-01A2-4B27-8643-11FCA0911C37}.Debug|x86.ActiveCfg = Debug|Any CPU
		{90E13F44-01A2-4B27-8643-11FCA0911C37}.Debug|x86.Build.0 = Debug|Any CPU
		{90E13F44-01A2-4B27-8643-11FCA0911C37}.Release|Any CPU.ActiveCfg = Release|Any CPU
		{90E13F44-01A2-4B27-8643-11FCA0911C37}.Release|Any CPU.Build.0 = Release|Any CPU
		{90E13F44-01A2-4B27-8643-11FCA0911C37}.Release|x64.ActiveCfg = Release|Any CPU
		{90E13F44-01A2-4B27-8643-11FCA0911C37}.Release|x64.Build.0 = Release|Any CPU
		{90E13F44-01A2-4B27-8643-11FCA0911C37}.Release|x86.ActiveCfg = Release|Any CPU
		{90E13F44-01A2-4B27-8643-11FCA0911C37}.Release|x86.Build.0 = Release|Any CPU
	EndGlobalSection
	GlobalSection(SolutionProperties) = preSolution
		HideSolutionNode = FALSE
	EndGlobalSection
	GlobalSection(NestedProjects) = preSolution
		{5F11A5BD-A093-4FE8-A7AF-64B1C3E79E22} = {827E0CD3-B72D-47B6-A68D-7590B98EB39B}
		{D8D701E4-7980-4E5E-B743-49808194353D} = {827E0CD3-B72D-47B6-A68D-7590B98EB39B}
		{31951B2B-184F-4058-976C-203B31BCC023} = {827E0CD3-B72D-47B6-A68D-7590B98EB39B}
		{B79BE518-D552-4B27-9257-66EFA22C88F7} = {827E0CD3-B72D-47B6-A68D-7590B98EB39B}
		{0B772392-B503-492C-AF73-2C9B85736E49} = {827E0CD3-B72D-47B6-A68D-7590B98EB39B}
		{E25B356E-3557-4F32-BB10-92D28AC7D96B} = {827E0CD3-B72D-47B6-A68D-7590B98EB39B}
		{D9214700-5AC9-4C29-AD05-AC6E0D5E4E6C} = {827E0CD3-B72D-47B6-A68D-7590B98EB39B}
		{3FD29D14-2B28-4781-8DC8-82C385C07E14} = {827E0CD3-B72D-47B6-A68D-7590B98EB39B}
		{06FC324F-7CDB-4BC2-A971-0F5DA9E0384C} = {827E0CD3-B72D-47B6-A68D-7590B98EB39B}
		{81505280-AB4B-4204-98FC-F26E6C7DD2DC} = {827E0CD3-B72D-47B6-A68D-7590B98EB39B}
		{37039A1F-4B7E-4733-A377-A66C9C2E7E85} = {0AB3BF05-4346-4AA6-1389-037BE0695223}
		{C1A841C8-3395-400C-B197-337C67441579} = {0AB3BF05-4346-4AA6-1389-037BE0695223}
		{3220B1A7-864D-4769-921B-9AA2D95A7609} = {5D20AA90-6969-D8BD-9DCD-8634F4692FDA}
		{90E13F44-01A2-4B27-8643-11FCA0911C37} = {5D20AA90-6969-D8BD-9DCD-8634F4692FDA}
	EndGlobalSection
EndGlobal
